
Microsoft Visual Studio Solution File, Format Version 12.00
# Visual Studio Version 17
VisualStudioVersion = 17.0.31903.59
MinimumVisualStudioVersion = 10.0.40219.1
Project("{2150E333-8FDC-42A3-9474-1A3956D46DE8}") = "src", "src", "{99595AA6-C589-43AD-B4B9-210EC1E27A74}"
EndProject
Project("{FAE04EC0-301F-11D3-BF4B-00C04F79EFBC}") = "RtsEngine.Wasm", "src\RtsEngine.Wasm\RtsEngine.Wasm.csproj", "{112B0184-9548-4B65-BA1F-0797E9AF98AE}"
EndProject
Project("{FAE04EC0-301F-11D3-BF4B-00C04F79EFBC}") = "RtsEngine.Desktop", "src\RtsEngine.Desktop\RtsEngine.Desktop.csproj", "{8F5535D5-4BBF-49C3-9EB7-AB5C613DF811}"
EndProject
Project("{FAE04EC0-301F-11D3-BF4B-00C04F79EFBC}") = "RtsEngine.Core", "src\RtsEngine.Core\RtsEngine.Core.csproj", "{D9A74B81-246E-49F4-B6E4-2B77ED9ABA14}"
EndProject
Project("{FAE04EC0-301F-11D3-BF4B-00C04F79EFBC}") = "RtsEngine.Game", "src\RtsEngine.Game\RtsEngine.Game.csproj", "{0C33E7B3-3A1F-4463-A4C4-D70FE439C9ED}"
EndProject
Global
	GlobalSection(SolutionConfigurationPlatforms) = preSolution
		Debug|Any CPU = Debug|Any CPU
		Release|Any CPU = Release|Any CPU
	EndGlobalSection
	GlobalSection(SolutionProperties) = preSolution
		HideSolutionNode = FALSE
	EndGlobalSection
	GlobalSection(ProjectConfigurationPlatforms) = postSolution
		{112B0184-9548-4B65-BA1F-0797E9AF98AE}.Debug|Any CPU.ActiveCfg = Debug|Any CPU
		{112B0184-9548-4B65-BA1F-0797E9AF98AE}.Debug|Any CPU.Build.0 = Debug|Any CPU
		{112B0184-9548-4B65-BA1F-0797E9AF98AE}.Release|Any CPU.ActiveCfg = Release|Any CPU
		{112B0184-9548-4B65-BA1F-0797E9AF98AE}.Release|Any CPU.Build.0 = Release|Any CPU
		{8F5535D5-4BBF-49C3-9EB7-AB5C613DF811}.Debug|Any CPU.ActiveCfg = Debug|Any CPU
		{8F5535D5-4BBF-49C3-9EB7-AB5C613DF811}.Debug|Any CPU.Build.0 = Debug|Any CPU
		{8F5535D5-4BBF-49C3-9EB7-AB5C613DF811}.Release|Any CPU.ActiveCfg = Release|Any CPU
		{8F5535D5-4BBF-49C3-9EB7-AB5C613DF811}.Release|Any CPU.Build.0 = Release|Any CPU
		{D9A74B81-246E-49F4-B6E4-2B77ED9ABA14}.Debug|Any CPU.ActiveCfg = Debug|Any CPU
		{D9A74B81-246E-49F4-B6E4-2B77ED9ABA14}.Debug|Any CPU.Build.0 = Debug|Any CPU
		{D9A74B81-246E-49F4-B6E4-2B77ED9ABA14}.Release|Any CPU.ActiveCfg = Release|Any CPU
		{D9A74B81-246E-49F4-B6E4-2B77ED9ABA14}.Release|Any CPU.Build.0 = Release|Any CPU
		{0C33E7B3-3A1F-4463-A4C4-D70FE439C9ED}.Debug|Any CPU.ActiveCfg = Debug|Any CPU
		{0C33E7B3-3A1F-4463-A4C4-D70FE439C9ED}.Debug|Any CPU.Build.0 = Debug|Any CPU
		{0C33E7B3-3A1F-4463-A4C4-D70FE439C9ED}.Release|Any CPU.ActiveCfg = Release|Any CPU
		{0C33E7B3-3A1F-4463-A4C4-D70FE439C9ED}.Release|Any CPU.Build.0 = Release|Any CPU
	EndGlobalSection
	GlobalSection(NestedProjects) = preSolution
		{112B0184-9548-4B65-BA1F-0797E9AF98AE} = {99595AA6-C589-43AD-B4B9-210EC1E27A74}
		{8F5535D5-4BBF-49C3-9EB7-AB5C613DF811} = {99595AA6-C589-43AD-B4B9-210EC1E27A74}
		{D9A74B81-246E-49F4-B6E4-2B77ED9ABA14} = {99595AA6-C589-43AD-B4B9-210EC1E27A74}
		{0C33E7B3-3A1F-4463-A4C4-D70FE439C9ED} = {99595AA6-C589-43AD-B4B9-210EC1E27A74}
	EndGlobalSection
EndGlobal
